
Microsoft Visual Studio Solution File, Format Version 12.00
# Visual Studio 15
VisualStudioVersion = 15.0.27703.2035
MinimumVisualStudioVersion = 10.0.40219.1
Project("{FAE04EC0-301F-11D3-BF4B-00C04F79EFBC}") = "Wei.Core", "Wei.Core\Wei.Core.csproj", "{53E347E5-B5B6-4602-8A73-9C77142EC872}"
EndProject
Project("{FAE04EC0-301F-11D3-BF4B-00C04F79EFBC}") = "Wei.Data", "Wei.Data\Wei.Data.csproj", "{D4B36817-0D9E-4A0D-AA43-F264D6C43758}"
EndProject
Project("{FAE04EC0-301F-11D3-BF4B-00C04F79EFBC}") = "Wei.Services", "Wei.Services\Wei.Services.csproj", "{55A99E2D-77AE-44E5-8710-C470D982834E}"
EndProject
Project("{FAE04EC0-301F-11D3-BF4B-00C04F79EFBC}") = "Wei.Web.Framework", "Wei.Web.Framework\Wei.Web.Framework.csproj", "{D8D84234-BC91-4A23-AF2D-29BFD4CCB7B0}"
EndProject
Project("{FAE04EC0-301F-11D3-BF4B-00C04F79EFBC}") = "Wei.Web", "Wei.Web\Wei.Web.csproj", "{2F256C22-F7AE-4E0F-886D-F13F72758C8E}"
EndProject
Project("{FAE04EC0-301F-11D3-BF4B-00C04F79EFBC}") = "Wei.Web.Tests", "Wei.Web.Tests\Wei.Web.Tests.csproj", "{4BF227E9-231C-43C1-8916-D0E4E6A106B8}"
EndProject
Project("{FAE04EC0-301F-11D3-BF4B-00C04F79EFBC}") = "WinDemo", "WinDemo\WinDemo.csproj", "{57C5D923-24BA-43B9-A64F-EFD57B2AD420}"
EndProject
Project("{2150E333-8FDC-42A3-9474-1A3956D46DE8}") = "Tools", "Tools", "{4B0BF38E-89BC-4585-9766-E01FA2744F89}"
EndProject
Project("{FAE04EC0-301F-11D3-BF4B-00C04F79EFBC}") = "MenusManager", "MenusManager\MenusManager.csproj", "{5C6A5FE1-1F12-4102-B578-C1D009A97D11}"
EndProject
Global
	GlobalSection(SolutionConfigurationPlatforms) = preSolution
		Debug|Any CPU = Debug|Any CPU
		Debug|x86 = Debug|x86
		Release|Any CPU = Release|Any CPU
		Release|x86 = Release|x86
		Test|Any CPU = Test|Any CPU
		Test|x86 = Test|x86
	EndGlobalSection
	GlobalSection(ProjectConfigurationPlatforms) = postSolution
		{53E347E5-B5B6-4602-8A73-9C77142EC872}.Debug|Any CPU.ActiveCfg = Debug|Any CPU
		{53E347E5-B5B6-4602-8A73-9C77142EC872}.Debug|Any CPU.Build.0 = Debug|Any CPU
		{53E347E5-B5B6-4602-8A73-9C77142EC872}.Debug|x86.ActiveCfg = Debug|Any CPU
		{53E347E5-B5B6-4602-8A73-9C77142EC872}.Debug|x86.Build.0 = Debug|Any CPU
		{53E347E5-B5B6-4602-8A73-9C77142EC872}.Release|Any CPU.ActiveCfg = Release|Any CPU
		{53E347E5-B5B6-4602-8A73-9C77142EC872}.Release|Any CPU.Build.0 = Release|Any CPU
		{53E347E5-B5B6-4602-8A73-9C77142EC872}.Release|x86.ActiveCfg = Release|Any CPU
		{53E347E5-B5B6-4602-8A73-9C77142EC872}.Release|x86.Build.0 = Release|Any CPU
		{53E347E5-B5B6-4602-8A73-9C77142EC872}.Test|Any CPU.ActiveCfg = Release|Any CPU
		{53E347E5-B5B6-4602-8A73-9C77142EC872}.Test|Any CPU.Build.0 = Release|Any CPU
		{53E347E5-B5B6-4602-8A73-9C77142EC872}.Test|x86.ActiveCfg = Release|Any CPU
		{53E347E5-B5B6-4602-8A73-9C77142EC872}.Test|x86.Build.0 = Release|Any CPU
		{D4B36817-0D9E-4A0D-AA43-F264D6C43758}.Debug|Any CPU.ActiveCfg = Debug|Any CPU
		{D4B36817-0D9E-4A0D-AA43-F264D6C43758}.Debug|Any CPU.Build.0 = Debug|Any CPU
		{D4B36817-0D9E-4A0D-AA43-F264D6C43758}.Debug|x86.ActiveCfg = Debug|Any CPU
		{D4B36817-0D9E-4A0D-AA43-F264D6C43758}.Debug|x86.Build.0 = Debug|Any CPU
		{D4B36817-0D9E-4A0D-AA43-F264D6C43758}.Release|Any CPU.ActiveCfg = Release|Any CPU
		{D4B36817-0D9E-4A0D-AA43-F264D6C43758}.Release|Any CPU.Build.0 = Release|Any CPU
		{D4B36817-0D9E-4A0D-AA43-F264D6C43758}.Release|x86.ActiveCfg = Release|Any CPU
		{D4B36817-0D9E-4A0D-AA43-F264D6C43758}.Release|x86.Build.0 = Release|Any CPU
		{D4B36817-0D9E-4A0D-AA43-F264D6C43758}.Test|Any CPU.ActiveCfg = Release|Any CPU
		{D4B36817-0D9E-4A0D-AA43-F264D6C43758}.Test|Any CPU.Build.0 = Release|Any CPU
		{D4B36817-0D9E-4A0D-AA43-F264D6C43758}.Test|x86.ActiveCfg = Release|Any CPU
		{D4B36817-0D9E-4A0D-AA43-F264D6C43758}.Test|x86.Build.0 = Release|Any CPU
		{55A99E2D-77AE-44E5-8710-C470D982834E}.Debug|Any CPU.ActiveCfg = Debug|Any CPU
		{55A99E2D-77AE-44E5-8710-C470D982834E}.Debug|Any CPU.Build.0 = Debug|Any CPU
		{55A99E2D-77AE-44E5-8710-C470D982834E}.Debug|x86.ActiveCfg = Debug|Any CPU
		{55A99E2D-77AE-44E5-8710-C470D982834E}.Debug|x86.Build.0 = Debug|Any CPU
		{55A99E2D-77AE-44E5-8710-C470D982834E}.Release|Any CPU.ActiveCfg = Release|Any CPU
		{55A99E2D-77AE-44E5-8710-C470D982834E}.Release|Any CPU.Build.0 = Release|Any CPU
		{55A99E2D-77AE-44E5-8710-C470D982834E}.Release|x86.ActiveCfg = Release|Any CPU
		{55A99E2D-77AE-44E5-8710-C470D982834E}.Release|x86.Build.0 = Release|Any CPU
		{55A99E2D-77AE-44E5-8710-C470D982834E}.Test|Any CPU.ActiveCfg = Release|Any CPU
		{55A99E2D-77AE-44E5-8710-C470D982834E}.Test|Any CPU.Build.0 = Release|Any CPU
		{55A99E2D-77AE-44E5-8710-C470D982834E}.Test|x86.ActiveCfg = Release|Any CPU
		{55A99E2D-77AE-44E5-8710-C470D982834E}.Test|x86.Build.0 = Release|Any CPU
		{D8D84234-BC91-4A23-AF2D-29BFD4CCB7B0}.Debug|Any CPU.ActiveCfg = Debug|Any CPU
		{D8D84234-BC91-4A23-AF2D-29BFD4CCB7B0}.Debug|Any CPU.Build.0 = Debug|Any CPU
		{D8D84234-BC91-4A23-AF2D-29BFD4CCB7B0}.Debug|x86.ActiveCfg = Debug|Any CPU
		{D8D84234-BC91-4A23-AF2D-29BFD4CCB7B0}.Debug|x86.Build.0 = Debug|Any CPU
		{D8D84234-BC91-4A23-AF2D-29BFD4CCB7B0}.Release|Any CPU.ActiveCfg = Release|Any CPU
		{D8D84234-BC91-4A23-AF2D-29BFD4CCB7B0}.Release|Any CPU.Build.0 = Release|Any CPU
		{D8D84234-BC91-4A23-AF2D-29BFD4CCB7B0}.Release|x86.ActiveCfg = Release|Any CPU
		{D8D84234-BC91-4A23-AF2D-29BFD4CCB7B0}.Release|x86.Build.0 = Release|Any CPU
		{D8D84234-BC91-4A23-AF2D-29BFD4CCB7B0}.Test|Any CPU.ActiveCfg = Release|Any CPU
		{D8D84234-BC91-4A23-AF2D-29BFD4CCB7B0}.Test|Any CPU.Build.0 = Release|Any CPU
		{D8D84234-BC91-4A23-AF2D-29BFD4CCB7B0}.Test|x86.ActiveCfg = Release|Any CPU
		{D8D84234-BC91-4A23-AF2D-29BFD4CCB7B0}.Test|x86.Build.0 = Release|Any CPU
		{2F256C22-F7AE-4E0F-886D-F13F72758C8E}.Debug|Any CPU.ActiveCfg = Debug|Any CPU
		{2F256C22-F7AE-4E0F-886D-F13F72758C8E}.Debug|Any CPU.Build.0 = Debug|Any CPU
		{2F256C22-F7AE-4E0F-886D-F13F72758C8E}.Debug|x86.ActiveCfg = Debug|Any CPU
		{2F256C22-F7AE-4E0F-886D-F13F72758C8E}.Debug|x86.Build.0 = Debug|Any CPU
		{2F256C22-F7AE-4E0F-886D-F13F72758C8E}.Release|Any CPU.ActiveCfg = Release|Any CPU
		{2F256C22-F7AE-4E0F-886D-F13F72758C8E}.Release|Any CPU.Build.0 = Release|Any CPU
		{2F256C22-F7AE-4E0F-886D-F13F72758C8E}.Release|x86.ActiveCfg = Release|Any CPU
		{2F256C22-F7AE-4E0F-886D-F13F72758C8E}.Release|x86.Build.0 = Release|Any CPU
		{2F256C22-F7AE-4E0F-886D-F13F72758C8E}.Test|Any CPU.ActiveCfg = Release|Any CPU
		{2F256C22-F7AE-4E0F-886D-F13F72758C8E}.Test|Any CPU.Build.0 = Release|Any CPU
		{2F256C22-F7AE-4E0F-886D-F13F72758C8E}.Test|x86.ActiveCfg = Release|Any CPU
		{2F256C22-F7AE-4E0F-886D-F13F72758C8E}.Test|x86.Build.0 = Release|Any CPU
		{4BF227E9-231C-43C1-8916-D0E4E6A106B8}.Debug|Any CPU.ActiveCfg = Debug|Any CPU
		{4BF227E9-231C-43C1-8916-D0E4E6A106B8}.Debug|Any CPU.Build.0 = Debug|Any CPU
		{4BF227E9-231C-43C1-8916-D0E4E6A106B8}.Debug|x86.ActiveCfg = Debug|Any CPU
		{4BF227E9-231C-43C1-8916-D0E4E6A106B8}.Debug|x86.Build.0 = Debug|Any CPU
		{4BF227E9-231C-43C1-8916-D0E4E6A106B8}.Release|Any CPU.ActiveCfg = Release|Any CPU
		{4BF227E9-231C-43C1-8916-D0E4E6A106B8}.Release|Any CPU.Build.0 = Release|Any CPU
		{4BF227E9-231C-43C1-8916-D0E4E6A106B8}.Release|x86.ActiveCfg = Release|Any CPU
		{4BF227E9-231C-43C1-8916-D0E4E6A106B8}.Release|x86.Build.0 = Release|Any CPU
		{4BF227E9-231C-43C1-8916-D0E4E6A106B8}.Test|Any CPU.ActiveCfg = Release|Any CPU
		{4BF227E9-231C-43C1-8916-D0E4E6A106B8}.Test|Any CPU.Build.0 = Release|Any CPU
		{4BF227E9-231C-43C1-8916-D0E4E6A106B8}.Test|x86.ActiveCfg = Release|Any CPU
		{4BF227E9-231C-43C1-8916-D0E4E6A106B8}.Test|x86.Build.0 = Release|Any CPU
		{57C5D923-24BA-43B9-A64F-EFD57B2AD420}.Debug|Any CPU.ActiveCfg = Debug|Any CPU
		{57C5D923-24BA-43B9-A64F-EFD57B2AD420}.Debug|Any CPU.Build.0 = Debug|Any CPU
		{57C5D923-24BA-43B9-A64F-EFD57B2AD420}.Debug|x86.ActiveCfg = Debug|Any CPU
		{57C5D923-24BA-43B9-A64F-EFD57B2AD420}.Debug|x86.Build.0 = Debug|Any CPU
		{57C5D923-24BA-43B9-A64F-EFD57B2AD420}.Release|Any CPU.ActiveCfg = Release|Any CPU
		{57C5D923-24BA-43B9-A64F-EFD57B2AD420}.Release|Any CPU.Build.0 = Release|Any CPU
		{57C5D923-24BA-43B9-A64F-EFD57B2AD420}.Release|x86.ActiveCfg = Release|Any CPU
		{57C5D923-24BA-43B9-A64F-EFD57B2AD420}.Release|x86.Build.0 = Release|Any CPU
		{57C5D923-24BA-43B9-A64F-EFD57B2AD420}.Test|Any CPU.ActiveCfg = Release|Any CPU
		{57C5D923-24BA-43B9-A64F-EFD57B2AD420}.Test|Any CPU.Build.0 = Release|Any CPU
		{57C5D923-24BA-43B9-A64F-EFD57B2AD420}.Test|x86.ActiveCfg = Release|Any CPU
		{57C5D923-24BA-43B9-A64F-EFD57B2AD420}.Test|x86.Build.0 = Release|Any CPU
		{5C6A5FE1-1F12-4102-B578-C1D009A97D11}.Debug|Any CPU.ActiveCfg = Debug|Any CPU
		{5C6A5FE1-1F12-4102-B578-C1D009A97D11}.Debug|Any CPU.Build.0 = Debug|Any CPU
		{5C6A5FE1-1F12-4102-B578-C1D009A97D11}.Debug|x86.ActiveCfg = Debug|Any CPU
		{5C6A5FE1-1F12-4102-B578-C1D009A97D11}.Debug|x86.Build.0 = Debug|Any CPU
		{5C6A5FE1-1F12-4102-B578-C1D009A97D11}.Release|Any CPU.ActiveCfg = Release|Any CPU
		{5C6A5FE1-1F12-4102-B578-C1D009A97D11}.Release|Any CPU.Build.0 = Release|Any CPU
		{5C6A5FE1-1F12-4102-B578-C1D009A97D11}.Release|x86.ActiveCfg = Release|Any CPU
		{5C6A5FE1-1F12-4102-B578-C1D009A97D11}.Release|x86.Build.0 = Release|Any CPU
		{5C6A5FE1-1F12-4102-B578-C1D009A97D11}.Test|Any CPU.ActiveCfg = Release|Any CPU
		{5C6A5FE1-1F12-4102-B578-C1D009A97D11}.Test|Any CPU.Build.0 = Release|Any CPU
		{5C6A5FE1-1F12-4102-B578-C1D009A97D11}.Test|x86.ActiveCfg = Release|Any CPU
		{5C6A5FE1-1F12-4102-B578-C1D009A97D11}.Test|x86.Build.0 = Release|Any CPU
	EndGlobalSection
	GlobalSection(SolutionProperties) = preSolution
		HideSolutionNode = FALSE
	EndGlobalSection
	GlobalSection(NestedProjects) = preSolution
		{5C6A5FE1-1F12-4102-B578-C1D009A97D11} = {4B0BF38E-89BC-4585-9766-E01FA2744F89}
	EndGlobalSection
	GlobalSection(ExtensibilityGlobals) = postSolution
		SolutionGuid = {4B42D150-75D9-45FF-8C68-14E5BF3841A8}
	EndGlobalSection
EndGlobal
